
Microsoft Visual Studio Solution File, Format Version 12.00
# Visual Studio Version 16
VisualStudioVersion = 16.0.32106.194
MinimumVisualStudioVersion = 10.0.40219.1
Project("{FAE04EC0-301F-11D3-BF4B-00C04F79EFBC}") = "TSystem_LogicalOpearor_UserInput", "TSystem_LogicalOpearor_UserInput\TSystem_LogicalOpearor_UserInput.csproj", "{11ADC12E-FB83-4E40-B10F-34B05045F6BC}"
EndProject
Global
	GlobalSection(SolutionConfigurationPlatforms) = preSolution
		Debug|Any CPU = Debug|Any CPU
		Release|Any CPU = Release|Any CPU
	EndGlobalSection
	GlobalSection(ProjectConfigurationPlatforms) = postSolution
		{11ADC12E-FB83-4E40-B10F-34B05045F6BC}.Debug|Any CPU.ActiveCfg = Debug|Any CPU
		{11ADC12E-FB83-4E40-B10F-34B05045F6BC}.Debug|Any CPU.Build.0 = Debug|Any CPU
		{11ADC12E-FB83-4E40-B10F-34B05045F6BC}.Release|Any CPU.ActiveCfg = Release|Any CPU
		{11ADC12E-FB83-4E40-B10F-34B05045F6BC}.Release|Any CPU.Build.0 = Release|Any CPU
	EndGlobalSection
	GlobalSection(SolutionProperties) = preSolution
		HideSolutionNode = FALSE
	EndGlobalSection
	GlobalSection(ExtensibilityGlobals) = postSolution
		SolutionGuid = {FCC9DA3A-8C60-439F-B04A-EBFA5227D67F}
	EndGlobalSection
EndGlobal
