
Microsoft Visual Studio Solution File, Format Version 12.00
# Visual Studio Version 16
VisualStudioVersion = 16.0.32106.194
MinimumVisualStudioVersion = 10.0.40219.1
Project("{FAE04EC0-301F-11D3-BF4B-00C04F79EFBC}") = "1stprimeno", "1stprimeno\1stprimeno.csproj", "{A443A1D2-84BF-44EC-AA4B-A5E2239F6C32}"
EndProject
Global
	GlobalSection(SolutionConfigurationPlatforms) = preSolution
		Debug|Any CPU = Debug|Any CPU
		Release|Any CPU = Release|Any CPU
	EndGlobalSection
	GlobalSection(ProjectConfigurationPlatforms) = postSolution
		{A443A1D2-84BF-44EC-AA4B-A5E2239F6C32}.Debug|Any CPU.ActiveCfg = Debug|Any CPU
		{A443A1D2-84BF-44EC-AA4B-A5E2239F6C32}.Debug|Any CPU.Build.0 = Debug|Any CPU
		{A443A1D2-84BF-44EC-AA4B-A5E2239F6C32}.Release|Any CPU.ActiveCfg = Release|Any CPU
		{A443A1D2-84BF-44EC-AA4B-A5E2239F6C32}.Release|Any CPU.Build.0 = Release|Any CPU
	EndGlobalSection
	GlobalSection(SolutionProperties) = preSolution
		HideSolutionNode = FALSE
	EndGlobalSection
	GlobalSection(ExtensibilityGlobals) = postSolution
		SolutionGuid = {0C80C578-F998-4944-9081-B070A5A43341}
	EndGlobalSection
EndGlobal
