
Microsoft Visual Studio Solution File, Format Version 12.00
# Visual Studio Version 16
VisualStudioVersion = 16.0.32106.194
MinimumVisualStudioVersion = 10.0.40219.1
Project("{FAE04EC0-301F-11D3-BF4B-00C04F79EFBC}") = "TSyestem_IfElseStatement", "TSyestem_IfElseStatement\TSyestem_IfElseStatement.csproj", "{D15AE6D6-0AD0-4744-82E0-E8E2920BC7A4}"
EndProject
Global
	GlobalSection(SolutionConfigurationPlatforms) = preSolution
		Debug|Any CPU = Debug|Any CPU
		Release|Any CPU = Release|Any CPU
	EndGlobalSection
	GlobalSection(ProjectConfigurationPlatforms) = postSolution
		{D15AE6D6-0AD0-4744-82E0-E8E2920BC7A4}.Debug|Any CPU.ActiveCfg = Debug|Any CPU
		{D15AE6D6-0AD0-4744-82E0-E8E2920BC7A4}.Debug|Any CPU.Build.0 = Debug|Any CPU
		{D15AE6D6-0AD0-4744-82E0-E8E2920BC7A4}.Release|Any CPU.ActiveCfg = Release|Any CPU
		{D15AE6D6-0AD0-4744-82E0-E8E2920BC7A4}.Release|Any CPU.Build.0 = Release|Any CPU
	EndGlobalSection
	GlobalSection(SolutionProperties) = preSolution
		HideSolutionNode = FALSE
	EndGlobalSection
	GlobalSection(ExtensibilityGlobals) = postSolution
		SolutionGuid = {C80A9E83-6D1D-46F5-A488-0523BE7AFBFD}
	EndGlobalSection
EndGlobal
