
Microsoft Visual Studio Solution File, Format Version 12.00
# Visual Studio Version 16
VisualStudioVersion = 16.0.32106.194
MinimumVisualStudioVersion = 10.0.40219.1
Project("{FAE04EC0-301F-11D3-BF4B-00C04F79EFBC}") = "ProductWinFromAssignment", "ProductWinFromAssignment\ProductWinFromAssignment.csproj", "{B4DF77DE-1401-4653-88B2-0730E248440E}"
EndProject
Global
	GlobalSection(SolutionConfigurationPlatforms) = preSolution
		Debug|Any CPU = Debug|Any CPU
		Release|Any CPU = Release|Any CPU
	EndGlobalSection
	GlobalSection(ProjectConfigurationPlatforms) = postSolution
		{B4DF77DE-1401-4653-88B2-0730E248440E}.Debug|Any CPU.ActiveCfg = Debug|Any CPU
		{B4DF77DE-1401-4653-88B2-0730E248440E}.Debug|Any CPU.Build.0 = Debug|Any CPU
		{B4DF77DE-1401-4653-88B2-0730E248440E}.Release|Any CPU.ActiveCfg = Release|Any CPU
		{B4DF77DE-1401-4653-88B2-0730E248440E}.Release|Any CPU.Build.0 = Release|Any CPU
	EndGlobalSection
	GlobalSection(SolutionProperties) = preSolution
		HideSolutionNode = FALSE
	EndGlobalSection
	GlobalSection(ExtensibilityGlobals) = postSolution
		SolutionGuid = {7A51431E-8FFE-41F1-AA0F-FA08DEBFC565}
	EndGlobalSection
EndGlobal
