
Microsoft Visual Studio Solution File, Format Version 12.00
# Visual Studio Version 16
VisualStudioVersion = 16.0.32106.194
MinimumVisualStudioVersion = 10.0.40219.1
Project("{FAE04EC0-301F-11D3-BF4B-00C04F79EFBC}") = "TSystem_Enum", "TSystem_Enum\TSystem_Enum.csproj", "{20BE37C5-2E43-47BB-BAAC-1FCCE8B18C18}"
EndProject
Global
	GlobalSection(SolutionConfigurationPlatforms) = preSolution
		Debug|Any CPU = Debug|Any CPU
		Release|Any CPU = Release|Any CPU
	EndGlobalSection
	GlobalSection(ProjectConfigurationPlatforms) = postSolution
		{20BE37C5-2E43-47BB-BAAC-1FCCE8B18C18}.Debug|Any CPU.ActiveCfg = Debug|Any CPU
		{20BE37C5-2E43-47BB-BAAC-1FCCE8B18C18}.Debug|Any CPU.Build.0 = Debug|Any CPU
		{20BE37C5-2E43-47BB-BAAC-1FCCE8B18C18}.Release|Any CPU.ActiveCfg = Release|Any CPU
		{20BE37C5-2E43-47BB-BAAC-1FCCE8B18C18}.Release|Any CPU.Build.0 = Release|Any CPU
	EndGlobalSection
	GlobalSection(SolutionProperties) = preSolution
		HideSolutionNode = FALSE
	EndGlobalSection
	GlobalSection(ExtensibilityGlobals) = postSolution
		SolutionGuid = {89285035-88D9-420B-9CAF-3F4E94C88795}
	EndGlobalSection
EndGlobal
