
Microsoft Visual Studio Solution File, Format Version 12.00
# Visual Studio Version 16
VisualStudioVersion = 16.0.32106.194
MinimumVisualStudioVersion = 10.0.40219.1
Project("{FAE04EC0-301F-11D3-BF4B-00C04F79EFBC}") = "WindowsFormDemo", "WindowsFormDemo\WindowsFormDemo.csproj", "{15BE1506-6A84-4033-9537-3839755F2BCD}"
EndProject
Global
	GlobalSection(SolutionConfigurationPlatforms) = preSolution
		Debug|Any CPU = Debug|Any CPU
		Release|Any CPU = Release|Any CPU
	EndGlobalSection
	GlobalSection(ProjectConfigurationPlatforms) = postSolution
		{15BE1506-6A84-4033-9537-3839755F2BCD}.Debug|Any CPU.ActiveCfg = Debug|Any CPU
		{15BE1506-6A84-4033-9537-3839755F2BCD}.Debug|Any CPU.Build.0 = Debug|Any CPU
		{15BE1506-6A84-4033-9537-3839755F2BCD}.Release|Any CPU.ActiveCfg = Release|Any CPU
		{15BE1506-6A84-4033-9537-3839755F2BCD}.Release|Any CPU.Build.0 = Release|Any CPU
	EndGlobalSection
	GlobalSection(SolutionProperties) = preSolution
		HideSolutionNode = FALSE
	EndGlobalSection
	GlobalSection(ExtensibilityGlobals) = postSolution
		SolutionGuid = {A2696216-4400-4096-BF0F-581471174D8E}
	EndGlobalSection
EndGlobal
