
Microsoft Visual Studio Solution File, Format Version 12.00
# Visual Studio Version 16
VisualStudioVersion = 16.0.32106.194
MinimumVisualStudioVersion = 10.0.40219.1
Project("{FAE04EC0-301F-11D3-BF4B-00C04F79EFBC}") = "TSystem_Enum_Months", "TSystem_Enum_Months\TSystem_Enum_Months.csproj", "{D66B1DA6-E063-4FAC-BCEE-8E8BA0C2C7C9}"
EndProject
Global
	GlobalSection(SolutionConfigurationPlatforms) = preSolution
		Debug|Any CPU = Debug|Any CPU
		Release|Any CPU = Release|Any CPU
	EndGlobalSection
	GlobalSection(ProjectConfigurationPlatforms) = postSolution
		{D66B1DA6-E063-4FAC-BCEE-8E8BA0C2C7C9}.Debug|Any CPU.ActiveCfg = Debug|Any CPU
		{D66B1DA6-E063-4FAC-BCEE-8E8BA0C2C7C9}.Debug|Any CPU.Build.0 = Debug|Any CPU
		{D66B1DA6-E063-4FAC-BCEE-8E8BA0C2C7C9}.Release|Any CPU.ActiveCfg = Release|Any CPU
		{D66B1DA6-E063-4FAC-BCEE-8E8BA0C2C7C9}.Release|Any CPU.Build.0 = Release|Any CPU
	EndGlobalSection
	GlobalSection(SolutionProperties) = preSolution
		HideSolutionNode = FALSE
	EndGlobalSection
	GlobalSection(ExtensibilityGlobals) = postSolution
		SolutionGuid = {38422CB4-E769-43E3-A462-82165303E7CB}
	EndGlobalSection
EndGlobal
