
Microsoft Visual Studio Solution File, Format Version 12.00
# Visual Studio Version 16
VisualStudioVersion = 16.0.32106.194
MinimumVisualStudioVersion = 10.0.40219.1
Project("{FAE04EC0-301F-11D3-BF4B-00C04F79EFBC}") = "TSystem_OutParameter_UserInput", "TSystem_OutParameter_UserInput\TSystem_OutParameter_UserInput.csproj", "{77F19B9E-0302-495E-B50B-4E9176AECDFD}"
EndProject
Global
	GlobalSection(SolutionConfigurationPlatforms) = preSolution
		Debug|Any CPU = Debug|Any CPU
		Release|Any CPU = Release|Any CPU
	EndGlobalSection
	GlobalSection(ProjectConfigurationPlatforms) = postSolution
		{77F19B9E-0302-495E-B50B-4E9176AECDFD}.Debug|Any CPU.ActiveCfg = Debug|Any CPU
		{77F19B9E-0302-495E-B50B-4E9176AECDFD}.Debug|Any CPU.Build.0 = Debug|Any CPU
		{77F19B9E-0302-495E-B50B-4E9176AECDFD}.Release|Any CPU.ActiveCfg = Release|Any CPU
		{77F19B9E-0302-495E-B50B-4E9176AECDFD}.Release|Any CPU.Build.0 = Release|Any CPU
	EndGlobalSection
	GlobalSection(SolutionProperties) = preSolution
		HideSolutionNode = FALSE
	EndGlobalSection
	GlobalSection(ExtensibilityGlobals) = postSolution
		SolutionGuid = {53BD35D0-88CB-4D54-AB73-076D6ED17675}
	EndGlobalSection
EndGlobal
