
Microsoft Visual Studio Solution File, Format Version 12.00
# Visual Studio Version 16
VisualStudioVersion = 16.0.32106.194
MinimumVisualStudioVersion = 10.0.40219.1
Project("{FAE04EC0-301F-11D3-BF4B-00C04F79EFBC}") = "TSystem_Dynamic_keyword", "TSystem_Dynamic_keyword\TSystem_Dynamic_keyword.csproj", "{8433BE5B-E1AC-4843-8CD1-178D27497C4C}"
EndProject
Global
	GlobalSection(SolutionConfigurationPlatforms) = preSolution
		Debug|Any CPU = Debug|Any CPU
		Release|Any CPU = Release|Any CPU
	EndGlobalSection
	GlobalSection(ProjectConfigurationPlatforms) = postSolution
		{8433BE5B-E1AC-4843-8CD1-178D27497C4C}.Debug|Any CPU.ActiveCfg = Debug|Any CPU
		{8433BE5B-E1AC-4843-8CD1-178D27497C4C}.Debug|Any CPU.Build.0 = Debug|Any CPU
		{8433BE5B-E1AC-4843-8CD1-178D27497C4C}.Release|Any CPU.ActiveCfg = Release|Any CPU
		{8433BE5B-E1AC-4843-8CD1-178D27497C4C}.Release|Any CPU.Build.0 = Release|Any CPU
	EndGlobalSection
	GlobalSection(SolutionProperties) = preSolution
		HideSolutionNode = FALSE
	EndGlobalSection
	GlobalSection(ExtensibilityGlobals) = postSolution
		SolutionGuid = {A154EC6C-89C9-487B-BF41-0E38F612DC8F}
	EndGlobalSection
EndGlobal
