
Microsoft Visual Studio Solution File, Format Version 12.00
# Visual Studio Version 16
VisualStudioVersion = 16.0.32106.194
MinimumVisualStudioVersion = 10.0.40219.1
Project("{FAE04EC0-301F-11D3-BF4B-00C04F79EFBC}") = "TSytem_Functions_AreaOpeartion", "TSytem_Functions_AreaOpeartion\TSytem_Functions_AreaOpeartion.csproj", "{397CB8F4-2B7F-425C-8B72-BFC77D0F93A8}"
EndProject
Global
	GlobalSection(SolutionConfigurationPlatforms) = preSolution
		Debug|Any CPU = Debug|Any CPU
		Release|Any CPU = Release|Any CPU
	EndGlobalSection
	GlobalSection(ProjectConfigurationPlatforms) = postSolution
		{397CB8F4-2B7F-425C-8B72-BFC77D0F93A8}.Debug|Any CPU.ActiveCfg = Debug|Any CPU
		{397CB8F4-2B7F-425C-8B72-BFC77D0F93A8}.Debug|Any CPU.Build.0 = Debug|Any CPU
		{397CB8F4-2B7F-425C-8B72-BFC77D0F93A8}.Release|Any CPU.ActiveCfg = Release|Any CPU
		{397CB8F4-2B7F-425C-8B72-BFC77D0F93A8}.Release|Any CPU.Build.0 = Release|Any CPU
	EndGlobalSection
	GlobalSection(SolutionProperties) = preSolution
		HideSolutionNode = FALSE
	EndGlobalSection
	GlobalSection(ExtensibilityGlobals) = postSolution
		SolutionGuid = {37136A7D-7EF4-4895-AE9B-5443F695F8F4}
	EndGlobalSection
EndGlobal
