
Microsoft Visual Studio Solution File, Format Version 12.00
# Visual Studio Version 16
VisualStudioVersion = 16.0.32106.194
MinimumVisualStudioVersion = 10.0.40219.1
Project("{FAE04EC0-301F-11D3-BF4B-00C04F79EFBC}") = "TSystem_MultipleNameSpace", "TSystem_MultipleNameSpace\TSystem_MultipleNameSpace.csproj", "{D39E77B1-D999-4C05-9AF6-E36E7EF6A5EE}"
EndProject
Global
	GlobalSection(SolutionConfigurationPlatforms) = preSolution
		Debug|Any CPU = Debug|Any CPU
		Release|Any CPU = Release|Any CPU
	EndGlobalSection
	GlobalSection(ProjectConfigurationPlatforms) = postSolution
		{D39E77B1-D999-4C05-9AF6-E36E7EF6A5EE}.Debug|Any CPU.ActiveCfg = Debug|Any CPU
		{D39E77B1-D999-4C05-9AF6-E36E7EF6A5EE}.Debug|Any CPU.Build.0 = Debug|Any CPU
		{D39E77B1-D999-4C05-9AF6-E36E7EF6A5EE}.Release|Any CPU.ActiveCfg = Release|Any CPU
		{D39E77B1-D999-4C05-9AF6-E36E7EF6A5EE}.Release|Any CPU.Build.0 = Release|Any CPU
	EndGlobalSection
	GlobalSection(SolutionProperties) = preSolution
		HideSolutionNode = FALSE
	EndGlobalSection
	GlobalSection(ExtensibilityGlobals) = postSolution
		SolutionGuid = {2D88BDB9-E7ED-476E-8E6A-BB3AC12026A3}
	EndGlobalSection
EndGlobal
