
Microsoft Visual Studio Solution File, Format Version 12.00
# Visual Studio Version 16
VisualStudioVersion = 16.0.32106.194
MinimumVisualStudioVersion = 10.0.40219.1
Project("{FAE04EC0-301F-11D3-BF4B-00C04F79EFBC}") = "TSystem_Whileloop_Assignment", "TSystem_Whileloop_Assignment\TSystem_Whileloop_Assignment.csproj", "{0D1A64C3-A57C-41B6-8437-6C4028D699A3}"
EndProject
Global
	GlobalSection(SolutionConfigurationPlatforms) = preSolution
		Debug|Any CPU = Debug|Any CPU
		Release|Any CPU = Release|Any CPU
	EndGlobalSection
	GlobalSection(ProjectConfigurationPlatforms) = postSolution
		{0D1A64C3-A57C-41B6-8437-6C4028D699A3}.Debug|Any CPU.ActiveCfg = Debug|Any CPU
		{0D1A64C3-A57C-41B6-8437-6C4028D699A3}.Debug|Any CPU.Build.0 = Debug|Any CPU
		{0D1A64C3-A57C-41B6-8437-6C4028D699A3}.Release|Any CPU.ActiveCfg = Release|Any CPU
		{0D1A64C3-A57C-41B6-8437-6C4028D699A3}.Release|Any CPU.Build.0 = Release|Any CPU
	EndGlobalSection
	GlobalSection(SolutionProperties) = preSolution
		HideSolutionNode = FALSE
	EndGlobalSection
	GlobalSection(ExtensibilityGlobals) = postSolution
		SolutionGuid = {9E94A555-B6C0-46F8-8D39-72AF8FE8F2AD}
	EndGlobalSection
EndGlobal
