
Microsoft Visual Studio Solution File, Format Version 12.00
# Visual Studio Version 16
VisualStudioVersion = 16.0.32106.194
MinimumVisualStudioVersion = 10.0.40219.1
Project("{FAE04EC0-301F-11D3-BF4B-00C04F79EFBC}") = "ThreadExample", "ThreadExample\ThreadExample.csproj", "{D65C25B9-7D7B-4BCD-B709-D468330DEBA6}"
EndProject
Global
	GlobalSection(SolutionConfigurationPlatforms) = preSolution
		Debug|Any CPU = Debug|Any CPU
		Release|Any CPU = Release|Any CPU
	EndGlobalSection
	GlobalSection(ProjectConfigurationPlatforms) = postSolution
		{D65C25B9-7D7B-4BCD-B709-D468330DEBA6}.Debug|Any CPU.ActiveCfg = Debug|Any CPU
		{D65C25B9-7D7B-4BCD-B709-D468330DEBA6}.Debug|Any CPU.Build.0 = Debug|Any CPU
		{D65C25B9-7D7B-4BCD-B709-D468330DEBA6}.Release|Any CPU.ActiveCfg = Release|Any CPU
		{D65C25B9-7D7B-4BCD-B709-D468330DEBA6}.Release|Any CPU.Build.0 = Release|Any CPU
	EndGlobalSection
	GlobalSection(SolutionProperties) = preSolution
		HideSolutionNode = FALSE
	EndGlobalSection
	GlobalSection(ExtensibilityGlobals) = postSolution
		SolutionGuid = {3F331614-8432-447A-9C14-CFC2CE9F25B1}
	EndGlobalSection
EndGlobal
